<?xml version="1.0" encoding="utf-8"?>
<Project ToolsVersion="4.0" xmlns="http://schemas.microsoft.com/developer/msbuild/2003">
  <ItemGroup>
    <Filter Include="ManageShape">
      <UniqueIdentifier>{96243c62-3610-4101-9270-75144f8b2fb3}</UniqueIdentifier>
    </Filter>
    <Filter Include="MainFrame">
      <UniqueIdentifier>{354b411f-85c5-4e22-8ced-17c16c0180b2}</UniqueIdentifier>
    </Filter>
    <Filter Include="MainFrame\Resource Files">
      <UniqueIdentifier>{67DA6AB6-F800-4c08-8B7A-83BB121AAD01}</UniqueIdentifier>
      <Extensions>rc;ico;cur;bmp;dlg;rc2;rct;bin;rgs;gif;jpg;jpeg;jpe;resx;tiff;tif;png;wav;mfcribbon-ms</Extensions>
    </Filter>
    <Filter Include="MainFrame\Source Files">
      <UniqueIdentifier>{4FC737F1-C7A5-4376-A066-2A32D752A2FF}</UniqueIdentifier>
      <Extensions>cpp;c;cc;cxx;def;odl;idl;hpj;bat;asm;asmx</Extensions>
    </Filter>
    <Filter Include="MainFrame\Header Files">
      <UniqueIdentifier>{93995380-89BD-4b04-88EB-625FBE52EBFB}</UniqueIdentifier>
      <Extensions>h;hh;hpp;hxx;hm;inl;inc;xsd</Extensions>
    </Filter>
    <Filter Include="ManageShape\Header Files">
      <UniqueIdentifier>{fffacfe4-ae67-4014-9d7b-3bd70aac31e1}</UniqueIdentifier>
    </Filter>
    <Filter Include="ManageShape\Source Files">
      <UniqueIdentifier>{334538f2-6f02-4f72-99ea-10a2f39e34c6}</UniqueIdentifier>
    </Filter>
    <Filter Include="ManageFile">
      <UniqueIdentifier>{79f6ae2c-2efd-4e44-8cc0-c2175cb23706}</UniqueIdentifier>
    </Filter>
    <Filter Include="ManageFile\Header">
      <UniqueIdentifier>{aa804e1f-fc0a-46ed-8156-2461c216f6f6}</UniqueIdentifier>
    </Filter>
    <Filter Include="ManageFile\Source">
      <UniqueIdentifier>{7271399f-a96c-4bd7-ba6d-8fe28ec09783}</UniqueIdentifier>
    </Filter>
  </ItemGroup>
  <ItemGroup>
    <Text Include="ReadMe.txt" />
  </ItemGroup>
  <ItemGroup>
    <ClInclude Include="FakeCasa.h">
      <Filter>MainFrame\Header Files</Filter>
    </ClInclude>
    <ClInclude Include="stdafx.h">
      <Filter>MainFrame\Header Files</Filter>
    </ClInclude>
    <ClInclude Include="targetver.h">
      <Filter>MainFrame\Header Files</Filter>
    </ClInclude>
    <ClInclude Include="MainFrm.h">
      <Filter>MainFrame\Header Files</Filter>
    </ClInclude>
    <ClInclude Include="ChildFrm.h">
      <Filter>MainFrame\Header Files</Filter>
    </ClInclude>
    <ClInclude Include="FakeCasaDoc.h">
      <Filter>MainFrame\Header Files</Filter>
    </ClInclude>
    <ClInclude Include="FakeCasaView.h">
      <Filter>MainFrame\Header Files</Filter>
    </ClInclude>
    <ClInclude Include="Resource.h">
      <Filter>MainFrame\Header Files</Filter>
    </ClInclude>
    <ClInclude Include="OutputWnd.h">
      <Filter>MainFrame\Header Files</Filter>
    </ClInclude>
    <ClInclude Include="BaseShape.h">
      <Filter>ManageShape\Header Files</Filter>
    </ClInclude>
    <ClInclude Include="Picture.h">
      <Filter>ManageShape\Header Files</Filter>
    </ClInclude>
    <ClInclude Include="MgFileIni.h">
      <Filter>ManageFile\Header</Filter>
    </ClInclude>
  </ItemGroup>
  <ItemGroup>
    <ClCompile Include="FakeCasa.cpp">
      <Filter>MainFrame\Source Files</Filter>
    </ClCompile>
    <ClCompile Include="stdafx.cpp">
      <Filter>MainFrame\Source Files</Filter>
    </ClCompile>
    <ClCompile Include="MainFrm.cpp">
      <Filter>MainFrame\Source Files</Filter>
    </ClCompile>
    <ClCompile Include="ChildFrm.cpp">
      <Filter>MainFrame\Source Files</Filter>
    </ClCompile>
    <ClCompile Include="OutputWnd.cpp">
      <Filter>MainFrame\Source Files</Filter>
    </ClCompile>
    <ClCompile Include="BaseShape.cpp">
      <Filter>ManageShape\Source Files</Filter>
    </ClCompile>
    <ClCompile Include="Picture.cpp">
      <Filter>ManageShape\Source Files</Filter>
    </ClCompile>
    <ClCompile Include="FakeCasaView.cpp">
      <Filter>MainFrame\Source Files</Filter>
    </ClCompile>
    <ClCompile Include="FakeCasaDoc.cpp">
      <Filter>MainFrame\Source Files</Filter>
    </ClCompile>
    <ClCompile Include="MgFileIni.cpp">
      <Filter>ManageFile\Source</Filter>
    </ClCompile>
  </ItemGroup>
  <ItemGroup>
    <ResourceCompile Include="FakeCasa.rc">
      <Filter>MainFrame\Resource Files</Filter>
    </ResourceCompile>
  </ItemGroup>
  <ItemGroup>
    <Image Include="res\output_wnd.ico">
      <Filter>MainFrame\Resource Files</Filter>
    </Image>
    <Image Include="res\output_wnd_hc.ico">
      <Filter>MainFrame\Resource Files</Filter>
    </Image>
    <Image Include="UserImages.bmp">
      <Filter>MainFrame\Resource Files</Filter>
    </Image>
    <Image Include="res\FakeCasaDoc.ico">
      <Filter>MainFrame\Resource Files</Filter>
    </Image>
    <Image Include="res\FakeCasa.ico">
      <Filter>MainFrame\Resource Files</Filter>
    </Image>
    <Image Include="res\Toolbar.bmp">
      <Filter>MainFrame\Resource Files</Filter>
    </Image>
    <Image Include="res\Toolbar256.bmp">
      <Filter>MainFrame\Resource Files</Filter>
    </Image>
  </ItemGroup>
  <ItemGroup>
    <None Include="res\FakeCasa.rc2">
      <Filter>MainFrame\Resource Files</Filter>
    </None>
  </ItemGroup>
</Project>